<?xml version="1.0" encoding="utf-8"?>
<Project ToolsVersion="4.0" xmlns="http://schemas.microsoft.com/developer/msbuild/2003">
  <ItemGroup>
    <Filter Include="源文件">
      <UniqueIdentifier>{4FC737F1-C7A5-4376-A066-2A32D752A2FF}</UniqueIdentifier>
      <Extensions>cpp;c;cxx;def;odl;idl;hpj;bat;asm;asmx</Extensions>
    </Filter>
    <Filter Include="头文件">
      <UniqueIdentifier>{93995380-89BD-4b04-88EB-625FBE52EBFB}</UniqueIdentifier>
      <Extensions>h;hpp;hxx;hm;inl;inc;xsd</Extensions>
    </Filter>
    <Filter Include="资源文件">
      <UniqueIdentifier>{67DA6AB6-F800-4c08-8B7A-83BB121AAD01}</UniqueIdentifier>
      <Extensions>rc;ico;cur;bmp;dlg;rc2;rct;bin;rgs;gif;jpg;jpeg;jpe;resx</Extensions>
    </Filter>
  </ItemGroup>
  <ItemGroup>
    <ClCompile Include="ApplyUserList.cpp">
      <Filter>源文件</Filter>
    </ClCompile>
    <ClCompile Include="BassMusicManager.cpp">
      <Filter>源文件</Filter>
    </ClCompile>
    <ClCompile Include="CardControl.cpp">
      <Filter>源文件</Filter>
    </ClCompile>
    <ClCompile Include="CMyListCtrl.cpp">
      <Filter>源文件</Filter>
    </ClCompile>
    <ClCompile Include="DirectSound.cpp">
      <Filter>源文件</Filter>
    </ClCompile>
    <ClCompile Include="GameClient.cpp">
      <Filter>源文件</Filter>
    </ClCompile>
    <ClCompile Include="GameClientEngine.cpp">
      <Filter>源文件</Filter>
    </ClCompile>
    <ClCompile Include="GameClientView.cpp">
      <Filter>源文件</Filter>
    </ClCompile>
    <ClCompile Include="..\游戏服务器\GameLogic.cpp">
      <Filter>源文件</Filter>
    </ClCompile>
    <ClCompile Include="GameOption.cpp">
      <Filter>源文件</Filter>
    </ClCompile>
    <ClCompile Include="RecordGameList.cpp">
      <Filter>源文件</Filter>
    </ClCompile>
    <ClCompile Include="SiceControl.cpp">
      <Filter>源文件</Filter>
    </ClCompile>
    <ClCompile Include="Stdafx.cpp">
      <Filter>源文件</Filter>
    </ClCompile>
    <ClCompile Include="ZhuangControl.cpp">
      <Filter>源文件</Filter>
    </ClCompile>
  </ItemGroup>
  <ItemGroup>
    <ClInclude Include="ApplyUserList.h">
      <Filter>头文件</Filter>
    </ClInclude>
    <ClInclude Include="BassMusicManager.h">
      <Filter>头文件</Filter>
    </ClInclude>
    <ClInclude Include="CardControl.h">
      <Filter>头文件</Filter>
    </ClInclude>
    <ClInclude Include="..\消息定义\CMD_OxBattle.h">
      <Filter>头文件</Filter>
    </ClInclude>
    <ClInclude Include="CMyListCtrl.h">
      <Filter>头文件</Filter>
    </ClInclude>
    <ClInclude Include="DirectSound.h">
      <Filter>头文件</Filter>
    </ClInclude>
    <ClInclude Include="GameClient.h">
      <Filter>头文件</Filter>
    </ClInclude>
    <ClInclude Include="GameClientEngine.h">
      <Filter>头文件</Filter>
    </ClInclude>
    <ClInclude Include="GameClientView.h">
      <Filter>头文件</Filter>
    </ClInclude>
    <ClInclude Include="..\游戏服务器\GameLogic.h">
      <Filter>头文件</Filter>
    </ClInclude>
    <ClInclude Include="RecordGameList.h">
      <Filter>头文件</Filter>
    </ClInclude>
    <ClInclude Include="Resource.h">
      <Filter>头文件</Filter>
    </ClInclude>
    <ClInclude Include="SiceControl.h">
      <Filter>头文件</Filter>
    </ClInclude>
    <ClInclude Include="Stdafx.h">
      <Filter>头文件</Filter>
    </ClInclude>
    <ClInclude Include="ZhuangControl.h">
      <Filter>头文件</Filter>
    </ClInclude>
  </ItemGroup>
  <ItemGroup>
    <Image Include="Res\APPLY_USER_BACK.bmp">
      <Filter>资源文件</Filter>
    </Image>
    <Image Include="Res\APPY_USER_BACK.bmp">
      <Filter>资源文件</Filter>
    </Image>
    <Image Include="Res\BANKER_INFO.bmp">
      <Filter>资源文件</Filter>
    </Image>
    <Image Include="Res\bitmap3.bmp">
      <Filter>资源文件</Filter>
    </Image>
    <Image Include="Res\BT_APPLY_BANKER.bmp">
      <Filter>资源文件</Filter>
    </Image>
    <Image Include="Res\BT_AUTO_OPEN_CARD.bmp">
      <Filter>资源文件</Filter>
    </Image>
    <Image Include="Res\BT_BANK.bmp">
      <Filter>资源文件</Filter>
    </Image>
    <Image Include="Res\Bt_cancel_apply.bmp">
      <Filter>资源文件</Filter>
    </Image>
    <Image Include="Res\BT_CANCEL_BANKER.bmp">
      <Filter>资源文件</Filter>
    </Image>
    <Image Include="Res\BT_CHART.bmp">
      <Filter>资源文件</Filter>
    </Image>
    <Image Include="Res\BT_CHART_CLOSE.bmp">
      <Filter>资源文件</Filter>
    </Image>
    <Image Include="Res\BT_CONTINUE_CARD.bmp">
      <Filter>资源文件</Filter>
    </Image>
    <Image Include="Res\BT_DRAW.bmp">
      <Filter>资源文件</Filter>
    </Image>
    <Image Include="Res\BT_JETTON_1.bmp">
      <Filter>资源文件</Filter>
    </Image>
    <Image Include="Res\BT_JETTON_10.bmp">
      <Filter>资源文件</Filter>
    </Image>
    <Image Include="Res\BT_JETTON_100.bmp">
      <Filter>资源文件</Filter>
    </Image>
    <Image Include="Res\BT_JETTON_1000.bmp">
      <Filter>资源文件</Filter>
    </Image>
    <Image Include="Res\BT_JETTON_10000.bmp">
      <Filter>资源文件</Filter>
    </Image>
    <Image Include="Res\BT_JETTON_100000.bmp">
      <Filter>资源文件</Filter>
    </Image>
    <Image Include="Res\Bt_jetton_1000000.bmp">
      <Filter>资源文件</Filter>
    </Image>
    <Image Include="Res\Bt_jetton_500.bmp">
      <Filter>资源文件</Filter>
    </Image>
    <Image Include="Res\Bt_jetton_50000.bmp">
      <Filter>资源文件</Filter>
    </Image>
    <Image Include="Res\Bt_jetton_500000.bmp">
      <Filter>资源文件</Filter>
    </Image>
    <Image Include="Res\Bt_jetton_5000000.bmp">
      <Filter>资源文件</Filter>
    </Image>
    <Image Include="Res\BT_OPEN_CARD.bmp">
      <Filter>资源文件</Filter>
    </Image>
    <Image Include="Res\BT_S.bmp">
      <Filter>资源文件</Filter>
    </Image>
    <Image Include="Res\BT_SCORE_MOVE_L.bmp">
      <Filter>资源文件</Filter>
    </Image>
    <Image Include="Res\BT_SCORE_MOVE_R.bmp">
      <Filter>资源文件</Filter>
    </Image>
    <Image Include="Res\BT_STORAGE.bmp">
      <Filter>资源文件</Filter>
    </Image>
    <Image Include="Res\BT_X.bmp">
      <Filter>资源文件</Filter>
    </Image>
    <Image Include="Res\CARDTYPE.bmp">
      <Filter>资源文件</Filter>
    </Image>
    <Image Include="Res\CHANGE_BANKER.bmp">
      <Filter>资源文件</Filter>
    </Image>
    <Image Include="Res\CHART_BACK.bmp">
      <Filter>资源文件</Filter>
    </Image>
    <Image Include="Res\CONTINUE_CARD.bmp">
      <Filter>资源文件</Filter>
    </Image>
    <Image Include="Res\DISPATCH_CARD.bmp">
      <Filter>资源文件</Filter>
    </Image>
    <Image Include="Res\FRAME_0LD_PING_JIA.bmp">
      <Filter>资源文件</Filter>
    </Image>
    <Image Include="Res\FRAME_0LD_TONG_DIAN_PING.bmp">
      <Filter>资源文件</Filter>
    </Image>
    <Image Include="Res\FRAME_0LD_XIAN_JIA.bmp">
      <Filter>资源文件</Filter>
    </Image>
    <Image Include="Res\FRAME_0LD_XIAN_TIAN_WANG.bmp">
      <Filter>资源文件</Filter>
    </Image>
    <Image Include="Res\FRAME_0LD_ZHUANG_JIA.bmp">
      <Filter>资源文件</Filter>
    </Image>
    <Image Include="Res\FRAME_0LD_ZHUANG_TIAN_WANG.bmp">
      <Filter>资源文件</Filter>
    </Image>
    <Image Include="Res\FRAME_DAO_EMN.bmp">
      <Filter>资源文件</Filter>
    </Image>
    <Image Include="Res\FRAME_DAO_EMN_EX.bmp">
      <Filter>资源文件</Filter>
    </Image>
    <Image Include="Res\FRAME_DI_MEN.bmp">
      <Filter>资源文件</Filter>
    </Image>
    <Image Include="Res\FRAME_DI_MEN_EX.bmp">
      <Filter>资源文件</Filter>
    </Image>
    <Image Include="Res\FRAME_DUI_MEN.bmp">
      <Filter>资源文件</Filter>
    </Image>
    <Image Include="Res\FRAME_DUI_MEN_EX.bmp">
      <Filter>资源文件</Filter>
    </Image>
    <Image Include="Res\FRAME_HUANG_MEN.bmp">
      <Filter>资源文件</Filter>
    </Image>
    <Image Include="Res\FRAME_HUANG_MEN_EX.bmp">
      <Filter>资源文件</Filter>
    </Image>
    <Image Include="Res\FRAME_JIAO_L.bmp">
      <Filter>资源文件</Filter>
    </Image>
    <Image Include="Res\FRAME_JIAO_L_EX.bmp">
      <Filter>资源文件</Filter>
    </Image>
    <Image Include="Res\FRAME_JIAO_R.bmp">
      <Filter>资源文件</Filter>
    </Image>
    <Image Include="Res\FRAME_JIAO_R_EX.bmp">
      <Filter>资源文件</Filter>
    </Image>
    <Image Include="Res\FRAME_L.bmp">
      <Filter>资源文件</Filter>
    </Image>
    <Image Include="Res\FRAME_M.bmp">
      <Filter>资源文件</Filter>
    </Image>
    <Image Include="Res\FRAME_PING_JIA.bmp">
      <Filter>资源文件</Filter>
    </Image>
    <Image Include="Res\FRAME_QIAO.bmp">
      <Filter>资源文件</Filter>
    </Image>
    <Image Include="Res\FRAME_QIAO_EX.bmp">
      <Filter>资源文件</Filter>
    </Image>
    <Image Include="Res\FRAME_R.bmp">
      <Filter>资源文件</Filter>
    </Image>
    <Image Include="Res\FRAME_SHUN_MEN.bmp">
      <Filter>资源文件</Filter>
    </Image>
    <Image Include="Res\FRAME_SHUN_MEN_EX.bmp">
      <Filter>资源文件</Filter>
    </Image>
    <Image Include="Res\FRAME_TIAN_MEN.bmp">
      <Filter>资源文件</Filter>
    </Image>
    <Image Include="Res\FRAME_TIAN_MEN_EX.bmp">
      <Filter>资源文件</Filter>
    </Image>
    <Image Include="Res\FRAME_TONG_DIAN_PING.bmp">
      <Filter>资源文件</Filter>
    </Image>
    <Image Include="Res\FRAME_XIAN_JIA.bmp">
      <Filter>资源文件</Filter>
    </Image>
    <Image Include="Res\FRAME_XIAN_JIA_TOP.bmp">
      <Filter>资源文件</Filter>
    </Image>
    <Image Include="Res\FRAME_XIAN_TIAN_WANG.bmp">
      <Filter>资源文件</Filter>
    </Image>
    <Image Include="Res\FRAME_XUAN_MEN.bmp">
      <Filter>资源文件</Filter>
    </Image>
    <Image Include="Res\FRAME_XUAN_MEN_EX.bmp">
      <Filter>资源文件</Filter>
    </Image>
    <Image Include="Res\FRAME_ZHUANG_JIA.bmp">
      <Filter>资源文件</Filter>
    </Image>
    <Image Include="Res\FRAME_ZHUANG_JIA_TOP.bmp">
      <Filter>资源文件</Filter>
    </Image>
    <Image Include="Res\FRAME_ZHUANG_TIAN_WANG.bmp">
      <Filter>资源文件</Filter>
    </Image>
    <Image Include="Res\GAME_CARD.bmp">
      <Filter>资源文件</Filter>
    </Image>
    <Image Include="Res\Game_end.bmp">
      <Filter>资源文件</Filter>
    </Image>
    <Image Include="Res\Game_end_frame.bmp">
      <Filter>资源文件</Filter>
    </Image>
    <Image Include="Res\GAME_LOGO.bmp">
      <Filter>资源文件</Filter>
    </Image>
    <Image Include="Res\GAME_POINT.bmp">
      <Filter>资源文件</Filter>
    </Image>
    <Image Include="Res\GameClient.ico">
      <Filter>资源文件</Filter>
    </Image>
    <Image Include="Res\HAND.bmp">
      <Filter>资源文件</Filter>
    </Image>
    <Image Include="Res\JETTOM_VIEW.bmp">
      <Filter>资源文件</Filter>
    </Image>
    <Image Include="Res\ME_BANKER.bmp">
      <Filter>资源文件</Filter>
    </Image>
    <Image Include="Res\ME_SCORE.bmp">
      <Filter>资源文件</Filter>
    </Image>
    <Image Include="Res\ME_SCORE_NUMBER.bmp">
      <Filter>资源文件</Filter>
    </Image>
    <Image Include="Res\NO_BANKER.bmp">
      <Filter>资源文件</Filter>
    </Image>
    <Image Include="Res\S_ZHUANG.bmp">
      <Filter>资源文件</Filter>
    </Image>
    <Image Include="Res\SCORE_BACK.bmp">
      <Filter>资源文件</Filter>
    </Image>
    <Image Include="Res\SCORE_NUMBER.bmp">
      <Filter>资源文件</Filter>
    </Image>
    <Image Include="Res\SICE_1.bmp">
      <Filter>资源文件</Filter>
    </Image>
    <Image Include="Res\SICE_2.bmp">
      <Filter>资源文件</Filter>
    </Image>
    <Image Include="Res\SICE_3.bmp">
      <Filter>资源文件</Filter>
    </Image>
    <Image Include="Res\SICE_4.bmp">
      <Filter>资源文件</Filter>
    </Image>
    <Image Include="Res\SICE_5.bmp">
      <Filter>资源文件</Filter>
    </Image>
    <Image Include="Res\SICE_6.bmp">
      <Filter>资源文件</Filter>
    </Image>
    <Image Include="Res\TIME_FLAG.bmp">
      <Filter>资源文件</Filter>
    </Image>
    <Image Include="Res\VIEW_BACK.bmp">
      <Filter>资源文件</Filter>
    </Image>
    <Image Include="Res\VIEW_FILL.bmp">
      <Filter>资源文件</Filter>
    </Image>
    <Image Include="Res\WIN_FLAGS.bmp">
      <Filter>资源文件</Filter>
    </Image>
    <Image Include="Res\CHART_PING.png" />
    <Image Include="Res\CHART_PING_EX.png" />
    <Image Include="Res\CHART_XIAN.png" />
    <Image Include="Res\CHART_XIAN_EX.png" />
    <Image Include="Res\CHART_ZHUANG.png" />
    <Image Include="Res\CHART_ZHUANG_EX.png" />
    <Image Include="Res\FIRE_EFFECT.png" />
    <Image Include="Res\TWO_PAIR_FLAG.png" />
  </ItemGroup>
  <ItemGroup>
    <None Include="Res\cursor1.cur">
      <Filter>资源文件</Filter>
    </None>
    <None Include="res\GameClient.rc2">
      <Filter>资源文件</Filter>
    </None>
    <None Include="Res\SCORE_1.cur">
      <Filter>资源文件</Filter>
    </None>
    <None Include="Res\SCORE_10.cur">
      <Filter>资源文件</Filter>
    </None>
    <None Include="Res\SCORE_100.cur">
      <Filter>资源文件</Filter>
    </None>
    <None Include="Res\SCORE_1000.cur">
      <Filter>资源文件</Filter>
    </None>
    <None Include="Res\SCORE_10000.cur">
      <Filter>资源文件</Filter>
    </None>
    <None Include="Res\SCORE_100000.cur">
      <Filter>资源文件</Filter>
    </None>
    <None Include="Res\SCORE_1000000.cur">
      <Filter>资源文件</Filter>
    </None>
    <None Include="Res\SCORE_500.cur">
      <Filter>资源文件</Filter>
    </None>
    <None Include="Res\SCORE_50000.cur">
      <Filter>资源文件</Filter>
    </None>
    <None Include="Res\SCORE_500000.cur">
      <Filter>资源文件</Filter>
    </None>
    <None Include="Res\SCORE_5000000.cur">
      <Filter>资源文件</Filter>
    </None>
  </ItemGroup>
  <ItemGroup>
    <ResourceCompile Include="GameClient.rc">
      <Filter>资源文件</Filter>
    </ResourceCompile>
  </ItemGroup>
  <ItemGroup>
    <Media Include="Res\Sound\ADD_GOLD.wav" />
    <Media Include="Res\ADD_GOLD.wav" />
    <Media Include="Res\Sound\ADD_GOLD_EX.wav" />
    <Media Include="Res\Sound\BACK_GROUND.wav" />
    <Media Include="Res\Sound\CHEER1.wav" />
    <Media Include="Res\Sound\CHEER2.wav" />
    <Media Include="Res\Sound\CHEER3.wav" />
    <Media Include="Res\Sound\DISPATCH_CARD.wav" />
    <Media Include="Res\Sound\END_DRAW.wav" />
    <Media Include="Res\Sound\END_LOST.wav" />
    <Media Include="Res\Sound\END_WIN.wav" />
    <Media Include="Res\GAME_END.wav" />
    <Media Include="Res\Sound\GAME_START.wav" />
    <Media Include="Res\GAME_START.wav" />
    <Media Include="Res\Sound\OUT_CARD.wav" />
    <Media Include="Res\PLACE_JETTON.wav" />
    <Media Include="Res\SEND_CARD.wav" />
    <Media Include="Res\STOP_JETTON.wav" />
    <Media Include="Res\Sound\TIME_WARIMG.wav" />
  </ItemGroup>
</Project>